
Microsoft Visual Studio Solution File, Format Version 12.00
# Visual Studio Version 16
VisualStudioVersion = 16.0.30907.101
MinimumVisualStudioVersion = 10.0.40219.1
Project("{FAE04EC0-301F-11D3-BF4B-00C04F79EFBC}") = "roulette.api.services", "roulette.api.services\roulette.api.services.csproj", "{C46692EA-E0B8-4481-830B-A2D19457203A}"
EndProject
Global
	GlobalSection(SolutionConfigurationPlatforms) = preSolution
		Debug|Any CPU = Debug|Any CPU
		Release|Any CPU = Release|Any CPU
	EndGlobalSection
	GlobalSection(ProjectConfigurationPlatforms) = postSolution
		{C46692EA-E0B8-4481-830B-A2D19457203A}.Debug|Any CPU.ActiveCfg = Debug|Any CPU
		{C46692EA-E0B8-4481-830B-A2D19457203A}.Debug|Any CPU.Build.0 = Debug|Any CPU
		{C46692EA-E0B8-4481-830B-A2D19457203A}.Release|Any CPU.ActiveCfg = Release|Any CPU
		{C46692EA-E0B8-4481-830B-A2D19457203A}.Release|Any CPU.Build.0 = Release|Any CPU
	EndGlobalSection
	GlobalSection(SolutionProperties) = preSolution
		HideSolutionNode = FALSE
	EndGlobalSection
	GlobalSection(ExtensibilityGlobals) = postSolution
		SolutionGuid = {1C4F0075-90CC-4FBD-8EB4-480B36FE2F6C}
	EndGlobalSection
EndGlobal
